// !$*UTF8*$!
{
	archiveVersion = 1;
	classes = {
	};
	objectVersion = 50;
	objects = {

/* Begin PBXBuildFile section */
		B057F87D2446CB100039A76D /* MoonshotApp.swift in Sources */ = {isa = PBXBuildFile; fileRef = B057F87C2446CB100039A76D /* MoonshotApp.swift */; };
		B057F8812446CB100039A76D /* ContentView.swift in Sources */ = {isa = PBXBuildFile; fileRef = B057F8802446CB100039A76D /* ContentView.swift */; };
		B057F8832446CB110039A76D /* Assets.xcassets in Resources */ = {isa = PBXBuildFile; fileRef = B057F8822446CB110039A76D /* Assets.xcassets */; };
		B057F8862446CB110039A76D /* Preview Assets.xcassets in Resources */ = {isa = PBXBuildFile; fileRef = B057F8852446CB110039A76D /* Preview Assets.xcassets */; };
		B057F8892446CB110039A76D /* LaunchScreen.storyboard in Resources */ = {isa = PBXBuildFile; fileRef = B057F8872446CB110039A76D /* LaunchScreen.storyboard */; };
		B057F8922446CEC60039A76D /* astronauts.json in Resources */ = {isa = PBXBuildFile; fileRef = B057F8902446CEC60039A76D /* astronauts.json */; };
		B057F8932446CEC60039A76D /* missions.json in Resources */ = {isa = PBXBuildFile; fileRef = B057F8912446CEC60039A76D /* missions.json */; };
		B057F8962446CF3B0039A76D /* Astronaut.swift in Sources */ = {isa = PBXBuildFile; fileRef = B057F8952446CF3B0039A76D /* Astronaut.swift */; };
		B057F8982446CFA20039A76D /* Bundle+Decodable.swift in Sources */ = {isa = PBXBuildFile; fileRef = B057F8972446CFA20039A76D /* Bundle+Decodable.swift */; };
		B057F89A2446D0900039A76D /* Mission.swift in Sources */ = {isa = PBXBuildFile; fileRef = B057F8992446D0900039A76D /* Mission.swift */; };
		B057F89C2446D5240039A76D /* MissionView.swift in Sources */ = {isa = PBXBuildFile; fileRef = B057F89B2446D5240039A76D /* MissionView.swift */; };
		B057F89E2446D8A50039A76D /* AstronautView.swift in Sources */ = {isa = PBXBuildFile; fileRef = B057F89D2446D8A50039A76D /* AstronautView.swift */; };
		B06C494024C3AD9000441BD4 /* DataStore.swift in Sources */ = {isa = PBXBuildFile; fileRef = B06C493F24C3AD9000441BD4 /* DataStore.swift */; };
/* End PBXBuildFile section */

/* Begin PBXFileReference section */
		B057F8792446CB100039A76D /* Moonshot.app */ = {isa = PBXFileReference; explicitFileType = wrapper.application; includeInIndex = 0; path = Moonshot.app; sourceTree = BUILT_PRODUCTS_DIR; };
		B057F87C2446CB100039A76D /* MoonshotApp.swift */ = {isa = PBXFileReference; lastKnownFileType = sourcecode.swift; path = MoonshotApp.swift; sourceTree = "<group>"; };
		B057F8802446CB100039A76D /* ContentView.swift */ = {isa = PBXFileReference; lastKnownFileType = sourcecode.swift; path = ContentView.swift; sourceTree = "<group>"; };
		B057F8822446CB110039A76D /* Assets.xcassets */ = {isa = PBXFileReference; lastKnownFileType = folder.assetcatalog; path = Assets.xcassets; sourceTree = "<group>"; };
		B057F8852446CB110039A76D /* Preview Assets.xcassets */ = {isa = PBXFileReference; lastKnownFileType = folder.assetcatalog; path = "Preview Assets.xcassets"; sourceTree = "<group>"; };
		B057F8882446CB110039A76D /* Base */ = {isa = PBXFileReference; lastKnownFileType = file.storyboard; name = Base; path = Base.lproj/LaunchScreen.storyboard; sourceTree = "<group>"; };
		B057F88A2446CB120039A76D /* Info.plist */ = {isa = PBXFileReference; lastKnownFileType = text.plist.xml; path = Info.plist; sourceTree = "<group>"; };
		B057F8902446CEC60039A76D /* astronauts.json */ = {isa = PBXFileReference; fileEncoding = 4; lastKnownFileType = text.json; path = astronauts.json; sourceTree = "<group>"; };
		B057F8912446CEC60039A76D /* missions.json */ = {isa = PBXFileReference; fileEncoding = 4; lastKnownFileType = text.json; path = missions.json; sourceTree = "<group>"; };
		B057F8952446CF3B0039A76D /* Astronaut.swift */ = {isa = PBXFileReference; lastKnownFileType = sourcecode.swift; path = Astronaut.swift; sourceTree = "<group>"; };
		B057F8972446CFA20039A76D /* Bundle+Decodable.swift */ = {isa = PBXFileReference; lastKnownFileType = sourcecode.swift; path = "Bundle+Decodable.swift"; sourceTree = "<group>"; };
		B057F8992446D0900039A76D /* Mission.swift */ = {isa = PBXFileReference; lastKnownFileType = sourcecode.swift; path = Mission.swift; sourceTree = "<group>"; };
		B057F89B2446D5240039A76D /* MissionView.swift */ = {isa = PBXFileReference; lastKnownFileType = sourcecode.swift; path = MissionView.swift; sourceTree = "<group>"; };
		B057F89D2446D8A50039A76D /* AstronautView.swift */ = {isa = PBXFileReference; lastKnownFileType = sourcecode.swift; path = AstronautView.swift; sourceTree = "<group>"; };
		B06C493F24C3AD9000441BD4 /* DataStore.swift */ = {isa = PBXFileReference; lastKnownFileType = sourcecode.swift; path = DataStore.swift; sourceTree = "<group>"; };
/* End PBXFileReference section */

/* Begin PBXFrameworksBuildPhase section */
		B057F8762446CB100039A76D /* Frameworks */ = {
			isa = PBXFrameworksBuildPhase;
			buildActionMask = 2147483647;
			files = (
			);
			runOnlyForDeploymentPostprocessing = 0;
		};
/* End PBXFrameworksBuildPhase section */

/* Begin PBXGroup section */
		B057F8702446CB100039A76D = {
			isa = PBXGroup;
			children = (
				B057F87B2446CB100039A76D /* Moonshot */,
				B057F87A2446CB100039A76D /* Products */,
			);
			sourceTree = "<group>";
		};
		B057F87A2446CB100039A76D /* Products */ = {
			isa = PBXGroup;
			children = (
				B057F8792446CB100039A76D /* Moonshot.app */,
			);
			name = Products;
			sourceTree = "<group>";
		};
		B057F87B2446CB100039A76D /* Moonshot */ = {
			isa = PBXGroup;
			children = (
				B057F89D2446D8A50039A76D /* AstronautView.swift */,
				B057F8802446CB100039A76D /* ContentView.swift */,
				B057F89B2446D5240039A76D /* MissionView.swift */,
				B057F87C2446CB100039A76D /* MoonshotApp.swift */,
				B06C494124C3C32900441BD4 /* Data */,
				B057F8942446CEF40039A76D /* Resources */,
			);
			path = Moonshot;
			sourceTree = "<group>";
		};
		B057F8842446CB110039A76D /* Preview Content */ = {
			isa = PBXGroup;
			children = (
				B057F8852446CB110039A76D /* Preview Assets.xcassets */,
			);
			path = "Preview Content";
			sourceTree = "<group>";
		};
		B057F8942446CEF40039A76D /* Resources */ = {
			isa = PBXGroup;
			children = (
				B057F8902446CEC60039A76D /* astronauts.json */,
				B057F8912446CEC60039A76D /* missions.json */,
				B057F8822446CB110039A76D /* Assets.xcassets */,
				B057F8872446CB110039A76D /* LaunchScreen.storyboard */,
				B057F88A2446CB120039A76D /* Info.plist */,
				B057F8842446CB110039A76D /* Preview Content */,
			);
			name = Resources;
			sourceTree = "<group>";
		};
		B06C494124C3C32900441BD4 /* Data */ = {
			isa = PBXGroup;
			children = (
				B057F8952446CF3B0039A76D /* Astronaut.swift */,
				B057F8972446CFA20039A76D /* Bundle+Decodable.swift */,
				B06C493F24C3AD9000441BD4 /* DataStore.swift */,
				B057F8992446D0900039A76D /* Mission.swift */,
			);
			path = Data;
			sourceTree = "<group>";
		};
/* End PBXGroup section */

/* Begin PBXNativeTarget section */
		B057F8782446CB100039A76D /* Moonshot */ = {
			isa = PBXNativeTarget;
			buildConfigurationList = B057F88D2446CB120039A76D /* Build configuration list for PBXNativeTarget "Moonshot" */;
			buildPhases = (
				B057F8752446CB100039A76D /* Sources */,
				B057F8762446CB100039A76D /* Frameworks */,
				B057F8772446CB100039A76D /* Resources */,
			);
			buildRules = (
			);
			dependencies = (
			);
			name = Moonshot;
			productName = Moonshot;
			productReference = B057F8792446CB100039A76D /* Moonshot.app */;
			productType = "com.apple.product-type.application";
		};
/* End PBXNativeTarget section */

/* Begin PBXProject section */
		B057F8712446CB100039A76D /* Project object */ = {
			isa = PBXProject;
			attributes = {
				LastSwiftUpdateCheck = 1140;
				LastUpgradeCheck = 1200;
				ORGANIZATIONNAME = "Yuri Ramocan";
				TargetAttributes = {
					B057F8782446CB100039A76D = {
						CreatedOnToolsVersion = 11.4;
					};
				};
			};
			buildConfigurationList = B057F8742446CB100039A76D /* Build configuration list for PBXProject "Moonshot" */;
			compatibilityVersion = "Xcode 9.3";
			developmentRegion = en;
			hasScannedForEncodings = 0;
			knownRegions = (
				en,
				Base,
			);
			mainGroup = B057F8702446CB100039A76D;
			productRefGroup = B057F87A2446CB100039A76D /* Products */;
			projectDirPath = "";
			projectRoot = "";
			targets = (
				B057F8782446CB100039A76D /* Moonshot */,
			);
		};
/* End PBXProject section */

/* Begin PBXResourcesBuildPhase section */
		B057F8772446CB100039A76D /* Resources */ = {
			isa = PBXResourcesBuildPhase;
			buildActionMask = 2147483647;
			files = (
				B057F8892446CB110039A76D /* LaunchScreen.storyboard in Resources */,
				B057F8932446CEC60039A76D /* missions.json in Resources */,
				B057F8862446CB110039A76D /* Preview Assets.xcassets in Resources */,
				B057F8832446CB110039A76D /* Assets.xcassets in Resources */,
				B057F8922446CEC60039A76D /* astronauts.json in Resources */,
			);
			runOnlyForDeploymentPostprocessing = 0;
		};
/* End PBXResourcesBuildPhase section */

/* Begin PBXSourcesBuildPhase section */
		B057F8752446CB100039A76D /* Sources */ = {
			isa = PBXSourcesBuildPhase;
			buildActionMask = 2147483647;
			files = (
				B057F89C2446D5240039A76D /* MissionView.swift in Sources */,
				B057F89A2446D0900039A76D /* Mission.swift in Sources */,
				B057F89E2446D8A50039A76D /* AstronautView.swift in Sources */,
				B057F87D2446CB100039A76D /* MoonshotApp.swift in Sources */,
				B06C494024C3AD9000441BD4 /* DataStore.swift in Sources */,
				B057F8982446CFA20039A76D /* Bundle+Decodable.swift in Sources */,
				B057F8812446CB100039A76D /* ContentView.swift in Sources */,
				B057F8962446CF3B0039A76D /* Astronaut.swift in Sources */,
			);
			runOnlyForDeploymentPostprocessing = 0;
		};
/* End PBXSourcesBuildPhase section */

/* Begin PBXVariantGroup section */
		B057F8872446CB110039A76D /* LaunchScreen.storyboard */ = {
			isa = PBXVariantGroup;
			children = (
				B057F8882446CB110039A76D /* Base */,
			);
			name = LaunchScreen.storyboard;
			sourceTree = "<group>";
		};
/* End PBXVariantGroup section */

/* Begin XCBuildConfiguration section */
		B057F88B2446CB120039A76D /* Debug */ = {
			isa = XCBuildConfiguration;
			buildSettings = {
				ALWAYS_SEARCH_USER_PATHS = NO;
				CLANG_ANALYZER_NONNULL = YES;
				CLANG_ANALYZER_NUMBER_OBJECT_CONVERSION = YES_AGGRESSIVE;
				CLANG_CXX_LANGUAGE_STANDARD = "gnu++14";
				CLANG_CXX_LIBRARY = "libc++";
				CLANG_ENABLE_MODULES = YES;
				CLANG_ENABLE_OBJC_ARC = YES;
				CLANG_ENABLE_OBJC_WEAK = YES;
				CLANG_WARN_BLOCK_CAPTURE_AUTORELEASING = YES;
				CLANG_WARN_BOOL_CONVERSION = YES;
				CLANG_WARN_COMMA = YES;
				CLANG_WARN_CONSTANT_CONVERSION = YES;
				CLANG_WARN_DEPRECATED_OBJC_IMPLEMENTATIONS = YES;
				CLANG_WARN_DIRECT_OBJC_ISA_USAGE = YES_ERROR;
				CLANG_WARN_DOCUMENTATION_COMMENTS = YES;
				CLANG_WARN_EMPTY_BODY = YES;
				CLANG_WARN_ENUM_CONVERSION = YES;
				CLANG_WARN_INFINITE_RECURSION = YES;
				CLANG_WARN_INT_CONVERSION = YES;
				CLANG_WARN_NON_LITERAL_NULL_CONVERSION = YES;
				CLANG_WARN_OBJC_IMPLICIT_RETAIN_SELF = YES;
				CLANG_WARN_OBJC_LITERAL_CONVERSION = YES;
				CLANG_WARN_OBJC_ROOT_CLASS = YES_ERROR;
				CLANG_WARN_QUOTED_INCLUDE_IN_FRAMEWORK_HEADER = YES;
				CLANG_WARN_RANGE_LOOP_ANALYSIS = YES;
				CLANG_WARN_STRICT_PROTOTYPES = YES;
				CLANG_WARN_SUSPICIOUS_MOVE = YES;
				CLANG_WARN_UNGUARDED_AVAILABILITY = YES_AGGRESSIVE;
				CLANG_WARN_UNREACHABLE_CODE = YES;
				CLANG_WARN__DUPLICATE_METHOD_MATCH = YES;
				COPY_PHASE_STRIP = NO;
				DEBUG_INFORMATION_FORMAT = dwarf;
				ENABLE_STRICT_OBJC_MSGSEND = YES;
				ENABLE_TESTABILITY = YES;
				GCC_C_LANGUAGE_STANDARD = gnu11;
				GCC_DYNAMIC_NO_PIC = NO;
				GCC_NO_COMMON_BLOCKS = YES;
				GCC_OPTIMIZATION_LEVEL = 0;
				GCC_PREPROCESSOR_DEFINITIONS = (
					"DEBUG=1",
					"$(inherited)",
				);
				GCC_WARN_64_TO_32_BIT_CONVERSION = YES;
				GCC_WARN_ABOUT_RETURN_TYPE = YES_ERROR;
				GCC_WARN_UNDECLARED_SELECTOR = YES;
				GCC_WARN_UNINITIALIZED_AUTOS = YES_AGGRESSIVE;
				GCC_WARN_UNUSED_FUNCTION = YES;
				GCC_WARN_UNUSED_VARIABLE = YES;
				IPHONEOS_DEPLOYMENT_TARGET = 14.0;
				MTL_ENABLE_DEBUG_INFO = INCLUDE_SOURCE;
				MTL_FAST_MATH = YES;
				ONLY_ACTIVE_ARCH = YES;
				SDKROOT = iphoneos;
				SWIFT_ACTIVE_COMPILATION_CONDITIONS = DEBUG;
				SWIFT_OPTIMIZATION_LEVEL = "-Onone";
			};
			name = Debug;
		};
		B057F88C2446CB120039A76D /* Release */ = {
			isa = XCBuildConfiguration;
			buildSettings = {
				ALWAYS_SEARCH_USER_PATHS = NO;
				CLANG_ANALYZER_NONNULL = YES;
				CLANG_ANALYZER_NUMBER_OBJECT_CONVERSION = YES_AGGRESSIVE;
				CLANG_CXX_LANGUAGE_STANDARD = "gnu++14";
				CLANG_CXX_LIBRARY = "libc++";
				CLANG_ENABLE_MODULES = YES;
				CLANG_ENABLE_OBJC_ARC = YES;
				CLANG_ENABLE_OBJC_WEAK = YES;
				CLANG_WARN_BLOCK_CAPTURE_AUTORELEASING = YES;
				CLANG_WARN_BOOL_CONVERSION = YES;
				CLANG_WARN_COMMA = YES;
				CLANG_WARN_CONSTANT_CONVERSION = YES;
				CLANG_WARN_DEPRECATED_OBJC_IMPLEMENTATIONS = YES;
				CLANG_WARN_DIRECT_OBJC_ISA_USAGE = YES_ERROR;
				CLANG_WARN_DOCUMENTATION_COMMENTS = YES;
				CLANG_WARN_EMPTY_BODY = YES;
				CLANG_WARN_ENUM_CONVERSION = YES;
				CLANG_WARN_INFINITE_RECURSION = YES;
				CLANG_WARN_INT_CONVERSION = YES;
				CLANG_WARN_NON_LITERAL_NULL_CONVERSION = YES;
				CLANG_WARN_OBJC_IMPLICIT_RETAIN_SELF = YES;
				CLANG_WARN_OBJC_LITERAL_CONVERSION = YES;
				CLANG_WARN_OBJC_ROOT_CLASS = YES_ERROR;
				CLANG_WARN_QUOTED_INCLUDE_IN_FRAMEWORK_HEADER = YES;
				CLANG_WARN_RANGE_LOOP_ANALYSIS = YES;
				CLANG_WARN_STRICT_PROTOTYPES = YES;
				CLANG_WARN_SUSPICIOUS_MOVE = YES;
				CLANG_WARN_UNGUARDED_AVAILABILITY = YES_AGGRESSIVE;
				CLANG_WARN_UNREACHABLE_CODE = YES;
				CLANG_WARN__DUPLICATE_METHOD_MATCH = YES;
				COPY_PHASE_STRIP = NO;
				DEBUG_INFORMATION_FORMAT = "dwarf-with-dsym";
				ENABLE_NS_ASSERTIONS = NO;
				ENABLE_STRICT_OBJC_MSGSEND = YES;
				GCC_C_LANGUAGE_STANDARD = gnu11;
				GCC_NO_COMMON_BLOCKS = YES;
				GCC_WARN_64_TO_32_BIT_CONVERSION = YES;
				GCC_WARN_ABOUT_RETURN_TYPE = YES_ERROR;
				GCC_WARN_UNDECLARED_SELECTOR = YES;
				GCC_WARN_UNINITIALIZED_AUTOS = YES_AGGRESSIVE;
				GCC_WARN_UNUSED_FUNCTION = YES;
				GCC_WARN_UNUSED_VARIABLE = YES;
				IPHONEOS_DEPLOYMENT_TARGET = 14.0;
				MTL_ENABLE_DEBUG_INFO = NO;
				MTL_FAST_MATH = YES;
				SDKROOT = iphoneos;
				SWIFT_COMPILATION_MODE = wholemodule;
				SWIFT_OPTIMIZATION_LEVEL = "-O";
				VALIDATE_PRODUCT = YES;
			};
			name = Release;
		};
		B057F88E2446CB120039A76D /* Debug */ = {
			isa = XCBuildConfiguration;
			buildSettings = {
				ASSETCATALOG_COMPILER_APPICON_NAME = AppIcon;
				CODE_SIGN_STYLE = Automatic;
				DEVELOPMENT_ASSET_PATHS = "\"Moonshot/Preview Content\"";
				DEVELOPMENT_TEAM = 2Z262HL3RX;
				ENABLE_PREVIEWS = YES;
				INFOPLIST_FILE = Moonshot/Info.plist;
				LD_RUNPATH_SEARCH_PATHS = (
					"$(inherited)",
					"@executable_path/Frameworks",
				);
				PRODUCT_BUNDLE_IDENTIFIER = com.yuriramocan.Moonshot;
				PRODUCT_NAME = "$(TARGET_NAME)";
				SWIFT_VERSION = 5.0;
				TARGETED_DEVICE_FAMILY = "1,2";
			};
			name = Debug;
		};
		B057F88F2446CB120039A76D /* Release */ = {
			isa = XCBuildConfiguration;
			buildSettings = {
				ASSETCATALOG_COMPILER_APPICON_NAME = AppIcon;
				CODE_SIGN_STYLE = Automatic;
				DEVELOPMENT_ASSET_PATHS = "\"Moonshot/Preview Content\"";
				DEVELOPMENT_TEAM = 2Z262HL3RX;
				ENABLE_PREVIEWS = YES;
				INFOPLIST_FILE = Moonshot/Info.plist;
				LD_RUNPATH_SEARCH_PATHS = (
					"$(inherited)",
					"@executable_path/Frameworks",
				);
				PRODUCT_BUNDLE_IDENTIFIER = com.yuriramocan.Moonshot;
				PRODUCT_NAME = "$(TARGET_NAME)";
				SWIFT_VERSION = 5.0;
				TARGETED_DEVICE_FAMILY = "1,2";
			};
			name = Release;
		};
/* End XCBuildConfiguration section */

/* Begin XCConfigurationList section */
		B057F8742446CB100039A76D /* Build configuration list for PBXProject "Moonshot" */ = {
			isa = XCConfigurationList;
			buildConfigurations = (
				B057F88B2446CB120039A76D /* Debug */,
				B057F88C2446CB120039A76D /* Release */,
			);
			defaultConfigurationIsVisible = 0;
			defaultConfigurationName = Release;
		};
		B057F88D2446CB120039A76D /* Build configuration list for PBXNativeTarget "Moonshot" */ = {
			isa = XCConfigurationList;
			buildConfigurations = (
				B057F88E2446CB120039A76D /* Debug */,
				B057F88F2446CB120039A76D /* Release */,
			);
			defaultConfigurationIsVisible = 0;
			defaultConfigurationName = Release;
		};
/* End XCConfigurationList section */
	};
	rootObject = B057F8712446CB100039A76D /* Project object */;
}
